
Microsoft Visual Studio Solution File, Format Version 12.00
# Visual Studio Version 17
VisualStudioVersion = 17.7.34221.43
MinimumVisualStudioVersion = 10.0.40219.1
Project("{FAE04EC0-301F-11D3-BF4B-00C04F79EFBC}") = "750HrsTracker", "750HrsTracker\750HrsTracker.csproj", "{7742BD1F-CDA7-4B91-92EA-70ADAE74BFA0}"
EndProject
Global
	GlobalSection(SolutionConfigurationPlatforms) = preSolution
		Debug|Any CPU = Debug|Any CPU
		Release|Any CPU = Release|Any CPU
	EndGlobalSection
	GlobalSection(ProjectConfigurationPlatforms) = postSolution
		{7742BD1F-CDA7-4B91-92EA-70ADAE74BFA0}.Debug|Any CPU.ActiveCfg = Debug|Any CPU
		{7742BD1F-CDA7-4B91-92EA-70ADAE74BFA0}.Debug|Any CPU.Build.0 = Debug|Any CPU
		{7742BD1F-CDA7-4B91-92EA-70ADAE74BFA0}.Release|Any CPU.ActiveCfg = Release|Any CPU
		{7742BD1F-CDA7-4B91-92EA-70ADAE74BFA0}.Release|Any CPU.Build.0 = Release|Any CPU
	EndGlobalSection
	GlobalSection(SolutionProperties) = preSolution
		HideSolutionNode = FALSE
	EndGlobalSection
	GlobalSection(ExtensibilityGlobals) = postSolution
		SolutionGuid = {A4B529C1-F9BA-4BFB-B5D8-58A5D2FACCE6}
	EndGlobalSection
EndGlobal
